
Microsoft Visual Studio Solution File, Format Version 12.00
# Visual Studio 15
VisualStudioVersion = 15.0.27703.2026
MinimumVisualStudioVersion = 10.0.40219.1
Project("{FAE04EC0-301F-11D3-BF4B-00C04F79EFBC}") = "DataCollection", "DataCollection\DataCollection.csproj", "{40396825-FA02-47F0-9686-77F56D6624C6}"
EndProject
Global
	GlobalSection(SolutionConfigurationPlatforms) = preSolution
		Debug|Any CPU = Debug|Any CPU
		Release|Any CPU = Release|Any CPU
	EndGlobalSection
	GlobalSection(ProjectConfigurationPlatforms) = postSolution
		{40396825-FA02-47F0-9686-77F56D6624C6}.Debug|Any CPU.ActiveCfg = Debug|Any CPU
		{40396825-FA02-47F0-9686-77F56D6624C6}.Debug|Any CPU.Build.0 = Debug|Any CPU
		{40396825-FA02-47F0-9686-77F56D6624C6}.Release|Any CPU.ActiveCfg = Release|Any CPU
		{40396825-FA02-47F0-9686-77F56D6624C6}.Release|Any CPU.Build.0 = Release|Any CPU
	EndGlobalSection
	GlobalSection(SolutionProperties) = preSolution
		HideSolutionNode = FALSE
	EndGlobalSection
	GlobalSection(ExtensibilityGlobals) = postSolution
		SolutionGuid = {1D1CD84C-EC76-44DB-AB7F-722448C04127}
	EndGlobalSection
EndGlobal
